
Microsoft Visual Studio Solution File, Format Version 11.00
# Visual Studio 2010
Project("{FAE04EC0-301F-11D3-BF4B-00C04F79EFBC}") = "QuickBloxBindings_iOS", "QuickBloxBindings_iOS\QuickBloxBindings_iOS.csproj", "{DC941563-4213-4A80-B27E-33D6AEC077BB}"
EndProject
Global
	GlobalSection(SolutionConfigurationPlatforms) = preSolution
		Debug|Any CPU = Debug|Any CPU
		Release|Any CPU = Release|Any CPU
	EndGlobalSection
	GlobalSection(ProjectConfigurationPlatforms) = postSolution
		{DC941563-4213-4A80-B27E-33D6AEC077BB}.Debug|Any CPU.ActiveCfg = Debug|Any CPU
		{DC941563-4213-4A80-B27E-33D6AEC077BB}.Debug|Any CPU.Build.0 = Debug|Any CPU
		{DC941563-4213-4A80-B27E-33D6AEC077BB}.Release|Any CPU.ActiveCfg = Release|Any CPU
		{DC941563-4213-4A80-B27E-33D6AEC077BB}.Release|Any CPU.Build.0 = Release|Any CPU
	EndGlobalSection
	GlobalSection(MonoDevelopProperties) = preSolution
		StartupItem = QuickBloxBindings_iOS\QuickBloxBindings_iOS.csproj
	EndGlobalSection
EndGlobal
